// !$*UTF8*$!
{
	archiveVersion = 1;
	classes = {
	};
	objectVersion = 77;
	objects = {

/* Begin PBXBuildFile section */
		EF19A4892D910D6500CEE606 /* Preview Assets.xcassets in Resources */ = {isa = PBXBuildFile; fileRef = EF19A4832D910D6500CEE606 /* Preview Assets.xcassets */; };
		EF19A48A2D910D6500CEE606 /* Assets.xcassets in Resources */ = {isa = PBXBuildFile; fileRef = EF19A4852D910D6500CEE606 /* Assets.xcassets */; };
		EF19A48B2D910D6500CEE606 /* ContentView.swift in Sources */ = {isa = PBXBuildFile; fileRef = EF19A4862D910D6500CEE606 /* ContentView.swift */; };
		EF19A48C2D910D6500CEE606 /* WhatsUpApp.swift in Sources */ = {isa = PBXBuildFile; fileRef = EF19A4872D910D6500CEE606 /* WhatsUpApp.swift */; };
		EF19A4912D910E8700CEE606 /* GoogleService-Info.plist in Resources */ = {isa = PBXBuildFile; fileRef = EF19A4902D910E8700CEE606 /* GoogleService-Info.plist */; };
		EF19A4942D910F5700CEE606 /* FirebaseAuth in Frameworks */ = {isa = PBXBuildFile; productRef = EF19A4932D910F5700CEE606 /* FirebaseAuth */; };
		EF19A4962D910F5700CEE606 /* FirebaseCore in Frameworks */ = {isa = PBXBuildFile; productRef = EF19A4952D910F5700CEE606 /* FirebaseCore */; };
		EF19A4982D910F5700CEE606 /* FirebaseFirestore in Frameworks */ = {isa = PBXBuildFile; productRef = EF19A4972D910F5700CEE606 /* FirebaseFirestore */; };
		EF19A49A2D910F5700CEE606 /* FirebaseStorage in Frameworks */ = {isa = PBXBuildFile; productRef = EF19A4992D910F5700CEE606 /* FirebaseStorage */; };
		EF19A49D2D91106100CEE606 /* SignupView.swift in Sources */ = {isa = PBXBuildFile; fileRef = EF19A49C2D91106000CEE606 /* SignupView.swift */; };
		EF19A4A02D91129A00CEE606 /* String+Ext.swift in Sources */ = {isa = PBXBuildFile; fileRef = EF19A49F2D91129A00CEE606 /* String+Ext.swift */; };
		EF19A4A32D91187B00CEE606 /* Model.swift in Sources */ = {isa = PBXBuildFile; fileRef = EF19A4A22D91187B00CEE606 /* Model.swift */; };
		EF19A4A52D911A3A00CEE606 /* LoginView.swift in Sources */ = {isa = PBXBuildFile; fileRef = EF19A4A42D911A3A00CEE606 /* LoginView.swift */; };
		EF94C4B12D97C01B0019B6CA /* ChatMessageView.swift in Sources */ = {isa = PBXBuildFile; fileRef = EF94C4B02D97C01B0019B6CA /* ChatMessageView.swift */; };
		EF94C4B32D97CCC60019B6CA /* Image+Ext.swift in Sources */ = {isa = PBXBuildFile; fileRef = EF94C4B22D97CCC60019B6CA /* Image+Ext.swift */; };
		EF94C4B52D97D1950019B6CA /* ImagePicker.swift in Sources */ = {isa = PBXBuildFile; fileRef = EF94C4B42D97D1950019B6CA /* ImagePicker.swift */; };
		EF94C4B72D97D6E90019B6CA /* UIImagePickerController.SourceType+Ext.swift in Sources */ = {isa = PBXBuildFile; fileRef = EF94C4B62D97D6E90019B6CA /* UIImagePickerController.SourceType+Ext.swift */; };
		EF94C4B92D97D9510019B6CA /* UIImage+Ext.swift in Sources */ = {isa = PBXBuildFile; fileRef = EF94C4B82D97D9510019B6CA /* UIImage+Ext.swift */; };
		EF94C4BB2D97DCBB0019B6CA /* Storage+Ext.swift in Sources */ = {isa = PBXBuildFile; fileRef = EF94C4BA2D97DCBB0019B6CA /* Storage+Ext.swift */; };
		EFF02BC82D92CB8000E9B062 /* ChatMessage.swift in Sources */ = {isa = PBXBuildFile; fileRef = EFF02BC72D92CB8000E9B062 /* ChatMessage.swift */; };
		EFF02BCA2D92D7F600E9B062 /* ChatMessagesListView.swift in Sources */ = {isa = PBXBuildFile; fileRef = EFF02BC92D92D7F600E9B062 /* ChatMessagesListView.swift */; };
		EFFC4AC02D92695A00DD45AB /* MainView.swift in Sources */ = {isa = PBXBuildFile; fileRef = EFFC4ABF2D92695A00DD45AB /* MainView.swift */; };
		EFFC4AC22D926B5000DD45AB /* AppState.swift in Sources */ = {isa = PBXBuildFile; fileRef = EFFC4AC12D926B5000DD45AB /* AppState.swift */; };
		EFFC4AC72D92796900DD45AB /* GroupDetailView.swift in Sources */ = {isa = PBXBuildFile; fileRef = EFFC4AC62D92796900DD45AB /* GroupDetailView.swift */; };
		EFFC4AC92D92798600DD45AB /* SetttingsView.swift in Sources */ = {isa = PBXBuildFile; fileRef = EFFC4AC82D92798600DD45AB /* SetttingsView.swift */; };
		EFFC4ACB2D927E9F00DD45AB /* GroupListContainerView.swift in Sources */ = {isa = PBXBuildFile; fileRef = EFFC4ACA2D927E9F00DD45AB /* GroupListContainerView.swift */; };
		EFFC4ACD2D927F1A00DD45AB /* AddNewGroupView.swift in Sources */ = {isa = PBXBuildFile; fileRef = EFFC4ACC2D927F1A00DD45AB /* AddNewGroupView.swift */; };
		EFFC4ACF2D92838200DD45AB /* Group.swift in Sources */ = {isa = PBXBuildFile; fileRef = EFFC4ACE2D92838200DD45AB /* Group.swift */; };
/* End PBXBuildFile section */

/* Begin PBXFileReference section */
		EF19A4722D910D5A00CEE606 /* WhatsUp.app */ = {isa = PBXFileReference; explicitFileType = wrapper.application; includeInIndex = 0; path = WhatsUp.app; sourceTree = BUILT_PRODUCTS_DIR; };
		EF19A4832D910D6500CEE606 /* Preview Assets.xcassets */ = {isa = PBXFileReference; lastKnownFileType = folder.assetcatalog; path = "Preview Assets.xcassets"; sourceTree = "<group>"; };
		EF19A4852D910D6500CEE606 /* Assets.xcassets */ = {isa = PBXFileReference; lastKnownFileType = folder.assetcatalog; path = Assets.xcassets; sourceTree = "<group>"; };
		EF19A4862D910D6500CEE606 /* ContentView.swift */ = {isa = PBXFileReference; lastKnownFileType = sourcecode.swift; path = ContentView.swift; sourceTree = "<group>"; };
		EF19A4872D910D6500CEE606 /* WhatsUpApp.swift */ = {isa = PBXFileReference; lastKnownFileType = sourcecode.swift; path = WhatsUpApp.swift; sourceTree = "<group>"; };
		EF19A48F2D910DF100CEE606 /* .gitignore */ = {isa = PBXFileReference; lastKnownFileType = text; path = .gitignore; sourceTree = "<group>"; };
		EF19A4902D910E8700CEE606 /* GoogleService-Info.plist */ = {isa = PBXFileReference; lastKnownFileType = text.plist.xml; path = "GoogleService-Info.plist"; sourceTree = "<group>"; };
		EF19A49C2D91106000CEE606 /* SignupView.swift */ = {isa = PBXFileReference; lastKnownFileType = sourcecode.swift; path = SignupView.swift; sourceTree = "<group>"; };
		EF19A49F2D91129A00CEE606 /* String+Ext.swift */ = {isa = PBXFileReference; lastKnownFileType = sourcecode.swift; path = "String+Ext.swift"; sourceTree = "<group>"; };
		EF19A4A22D91187B00CEE606 /* Model.swift */ = {isa = PBXFileReference; lastKnownFileType = sourcecode.swift; path = Model.swift; sourceTree = "<group>"; };
		EF19A4A42D911A3A00CEE606 /* LoginView.swift */ = {isa = PBXFileReference; lastKnownFileType = sourcecode.swift; path = LoginView.swift; sourceTree = "<group>"; };
		EF94C4B02D97C01B0019B6CA /* ChatMessageView.swift */ = {isa = PBXFileReference; lastKnownFileType = sourcecode.swift; path = ChatMessageView.swift; sourceTree = "<group>"; };
		EF94C4B22D97CCC60019B6CA /* Image+Ext.swift */ = {isa = PBXFileReference; lastKnownFileType = sourcecode.swift; path = "Image+Ext.swift"; sourceTree = "<group>"; };
		EF94C4B42D97D1950019B6CA /* ImagePicker.swift */ = {isa = PBXFileReference; lastKnownFileType = sourcecode.swift; path = ImagePicker.swift; sourceTree = "<group>"; };
		EF94C4B62D97D6E90019B6CA /* UIImagePickerController.SourceType+Ext.swift */ = {isa = PBXFileReference; lastKnownFileType = sourcecode.swift; path = "UIImagePickerController.SourceType+Ext.swift"; sourceTree = "<group>"; };
		EF94C4B82D97D9510019B6CA /* UIImage+Ext.swift */ = {isa = PBXFileReference; lastKnownFileType = sourcecode.swift; path = "UIImage+Ext.swift"; sourceTree = "<group>"; };
		EF94C4BA2D97DCBB0019B6CA /* Storage+Ext.swift */ = {isa = PBXFileReference; lastKnownFileType = sourcecode.swift; path = "Storage+Ext.swift"; sourceTree = "<group>"; };
		EFF02BC72D92CB8000E9B062 /* ChatMessage.swift */ = {isa = PBXFileReference; lastKnownFileType = sourcecode.swift; path = ChatMessage.swift; sourceTree = "<group>"; };
		EFF02BC92D92D7F600E9B062 /* ChatMessagesListView.swift */ = {isa = PBXFileReference; lastKnownFileType = sourcecode.swift; path = ChatMessagesListView.swift; sourceTree = "<group>"; };
		EFFC4ABF2D92695A00DD45AB /* MainView.swift */ = {isa = PBXFileReference; lastKnownFileType = sourcecode.swift; path = MainView.swift; sourceTree = "<group>"; };
		EFFC4AC12D926B5000DD45AB /* AppState.swift */ = {isa = PBXFileReference; lastKnownFileType = sourcecode.swift; path = AppState.swift; sourceTree = "<group>"; };
		EFFC4AC62D92796900DD45AB /* GroupDetailView.swift */ = {isa = PBXFileReference; lastKnownFileType = sourcecode.swift; path = GroupDetailView.swift; sourceTree = "<group>"; };
		EFFC4AC82D92798600DD45AB /* SetttingsView.swift */ = {isa = PBXFileReference; lastKnownFileType = sourcecode.swift; path = SetttingsView.swift; sourceTree = "<group>"; };
		EFFC4ACA2D927E9F00DD45AB /* GroupListContainerView.swift */ = {isa = PBXFileReference; lastKnownFileType = sourcecode.swift; path = GroupListContainerView.swift; sourceTree = "<group>"; };
		EFFC4ACC2D927F1A00DD45AB /* AddNewGroupView.swift */ = {isa = PBXFileReference; lastKnownFileType = sourcecode.swift; path = AddNewGroupView.swift; sourceTree = "<group>"; };
		EFFC4ACE2D92838200DD45AB /* Group.swift */ = {isa = PBXFileReference; lastKnownFileType = sourcecode.swift; path = Group.swift; sourceTree = "<group>"; };
/* End PBXFileReference section */

/* Begin PBXFrameworksBuildPhase section */
		EF19A46F2D910D5A00CEE606 /* Frameworks */ = {
			isa = PBXFrameworksBuildPhase;
			buildActionMask = 2147483647;
			files = (
				EF19A4962D910F5700CEE606 /* FirebaseCore in Frameworks */,
				EF19A49A2D910F5700CEE606 /* FirebaseStorage in Frameworks */,
				EF19A4942D910F5700CEE606 /* FirebaseAuth in Frameworks */,
				EF19A4982D910F5700CEE606 /* FirebaseFirestore in Frameworks */,
			);
			runOnlyForDeploymentPostprocessing = 0;
		};
/* End PBXFrameworksBuildPhase section */

/* Begin PBXGroup section */
		EF19A4692D910D5A00CEE606 = {
			isa = PBXGroup;
			children = (
				EF19A48F2D910DF100CEE606 /* .gitignore */,
				EF19A4882D910D6500CEE606 /* WhatsUp */,
				EF19A4732D910D5A00CEE606 /* Products */,
			);
			sourceTree = "<group>";
		};
		EF19A4732D910D5A00CEE606 /* Products */ = {
			isa = PBXGroup;
			children = (
				EF19A4722D910D5A00CEE606 /* WhatsUp.app */,
			);
			name = Products;
			sourceTree = "<group>";
		};
		EF19A4842D910D6500CEE606 /* Preview Content */ = {
			isa = PBXGroup;
			children = (
				EF19A4832D910D6500CEE606 /* Preview Assets.xcassets */,
			);
			path = "Preview Content";
			sourceTree = "<group>";
		};
		EF19A4882D910D6500CEE606 /* WhatsUp */ = {
			isa = PBXGroup;
			children = (
				EF19A4A12D91186F00CEE606 /* Model */,
				EF19A49E2D91128700CEE606 /* Extension */,
				EF19A49B2D91104F00CEE606 /* View */,
				EF19A4862D910D6500CEE606 /* ContentView.swift */,
				EF19A4872D910D6500CEE606 /* WhatsUpApp.swift */,
				EF19A4852D910D6500CEE606 /* Assets.xcassets */,
				EF19A4902D910E8700CEE606 /* GoogleService-Info.plist */,
				EF19A4842D910D6500CEE606 /* Preview Content */,
			);
			path = WhatsUp;
			sourceTree = "<group>";
		};
		EF19A49B2D91104F00CEE606 /* View */ = {
			isa = PBXGroup;
			children = (
				EF19A49C2D91106000CEE606 /* SignupView.swift */,
				EF19A4A42D911A3A00CEE606 /* LoginView.swift */,
				EFFC4ABF2D92695A00DD45AB /* MainView.swift */,
				EFFC4AC82D92798600DD45AB /* SetttingsView.swift */,
				EFFC4ACA2D927E9F00DD45AB /* GroupListContainerView.swift */,
				EFFC4ACC2D927F1A00DD45AB /* AddNewGroupView.swift */,
				EFFC4AC62D92796900DD45AB /* GroupDetailView.swift */,
				EFF02BC92D92D7F600E9B062 /* ChatMessagesListView.swift */,
				EF94C4B02D97C01B0019B6CA /* ChatMessageView.swift */,
				EF94C4B42D97D1950019B6CA /* ImagePicker.swift */,
			);
			path = View;
			sourceTree = "<group>";
		};
		EF19A49E2D91128700CEE606 /* Extension */ = {
			isa = PBXGroup;
			children = (
				EF19A49F2D91129A00CEE606 /* String+Ext.swift */,
				EF94C4B22D97CCC60019B6CA /* Image+Ext.swift */,
				EF94C4B62D97D6E90019B6CA /* UIImagePickerController.SourceType+Ext.swift */,
				EF94C4B82D97D9510019B6CA /* UIImage+Ext.swift */,
				EF94C4BA2D97DCBB0019B6CA /* Storage+Ext.swift */,
			);
			path = Extension;
			sourceTree = "<group>";
		};
		EF19A4A12D91186F00CEE606 /* Model */ = {
			isa = PBXGroup;
			children = (
				EF19A4A22D91187B00CEE606 /* Model.swift */,
				EFFC4AC12D926B5000DD45AB /* AppState.swift */,
				EFFC4ACE2D92838200DD45AB /* Group.swift */,
				EFF02BC72D92CB8000E9B062 /* ChatMessage.swift */,
			);
			path = Model;
			sourceTree = "<group>";
		};
/* End PBXGroup section */

/* Begin PBXNativeTarget section */
		EF19A4712D910D5A00CEE606 /* WhatsUp */ = {
			isa = PBXNativeTarget;
			buildConfigurationList = EF19A4802D910D5B00CEE606 /* Build configuration list for PBXNativeTarget "WhatsUp" */;
			buildPhases = (
				EF19A46E2D910D5A00CEE606 /* Sources */,
				EF19A46F2D910D5A00CEE606 /* Frameworks */,
				EF19A4702D910D5A00CEE606 /* Resources */,
			);
			buildRules = (
			);
			dependencies = (
			);
			name = WhatsUp;
			packageProductDependencies = (
				EF19A4932D910F5700CEE606 /* FirebaseAuth */,
				EF19A4952D910F5700CEE606 /* FirebaseCore */,
				EF19A4972D910F5700CEE606 /* FirebaseFirestore */,
				EF19A4992D910F5700CEE606 /* FirebaseStorage */,
			);
			productName = WhatsUp;
			productReference = EF19A4722D910D5A00CEE606 /* WhatsUp.app */;
			productType = "com.apple.product-type.application";
		};
/* End PBXNativeTarget section */

/* Begin PBXProject section */
		EF19A46A2D910D5A00CEE606 /* Project object */ = {
			isa = PBXProject;
			attributes = {
				BuildIndependentTargetsInParallel = 1;
				LastSwiftUpdateCheck = 1620;
				LastUpgradeCheck = 1620;
				TargetAttributes = {
					EF19A4712D910D5A00CEE606 = {
						CreatedOnToolsVersion = 16.2;
					};
				};
			};
			buildConfigurationList = EF19A46D2D910D5A00CEE606 /* Build configuration list for PBXProject "WhatsUp" */;
			developmentRegion = en;
			hasScannedForEncodings = 0;
			knownRegions = (
				en,
				Base,
			);
			mainGroup = EF19A4692D910D5A00CEE606;
			minimizedProjectReferenceProxies = 1;
			packageReferences = (
				EF19A4922D910F5700CEE606 /* XCRemoteSwiftPackageReference "firebase-ios-sdk" */,
			);
			preferredProjectObjectVersion = 77;
			productRefGroup = EF19A4732D910D5A00CEE606 /* Products */;
			projectDirPath = "";
			projectRoot = "";
			targets = (
				EF19A4712D910D5A00CEE606 /* WhatsUp */,
			);
		};
/* End PBXProject section */

/* Begin PBXResourcesBuildPhase section */
		EF19A4702D910D5A00CEE606 /* Resources */ = {
			isa = PBXResourcesBuildPhase;
			buildActionMask = 2147483647;
			files = (
				EF19A4892D910D6500CEE606 /* Preview Assets.xcassets in Resources */,
				EF19A48A2D910D6500CEE606 /* Assets.xcassets in Resources */,
				EF19A4912D910E8700CEE606 /* GoogleService-Info.plist in Resources */,
			);
			runOnlyForDeploymentPostprocessing = 0;
		};
/* End PBXResourcesBuildPhase section */

/* Begin PBXSourcesBuildPhase section */
		EF19A46E2D910D5A00CEE606 /* Sources */ = {
			isa = PBXSourcesBuildPhase;
			buildActionMask = 2147483647;
			files = (
				EF94C4B32D97CCC60019B6CA /* Image+Ext.swift in Sources */,
				EF94C4B12D97C01B0019B6CA /* ChatMessageView.swift in Sources */,
				EFFC4ACB2D927E9F00DD45AB /* GroupListContainerView.swift in Sources */,
				EF94C4B52D97D1950019B6CA /* ImagePicker.swift in Sources */,
				EFFC4AC92D92798600DD45AB /* SetttingsView.swift in Sources */,
				EF94C4B92D97D9510019B6CA /* UIImage+Ext.swift in Sources */,
				EF94C4BB2D97DCBB0019B6CA /* Storage+Ext.swift in Sources */,
				EF19A4A52D911A3A00CEE606 /* LoginView.swift in Sources */,
				EF94C4B72D97D6E90019B6CA /* UIImagePickerController.SourceType+Ext.swift in Sources */,
				EFFC4AC02D92695A00DD45AB /* MainView.swift in Sources */,
				EFFC4AC72D92796900DD45AB /* GroupDetailView.swift in Sources */,
				EF19A4A32D91187B00CEE606 /* Model.swift in Sources */,
				EFF02BCA2D92D7F600E9B062 /* ChatMessagesListView.swift in Sources */,
				EFFC4ACF2D92838200DD45AB /* Group.swift in Sources */,
				EFF02BC82D92CB8000E9B062 /* ChatMessage.swift in Sources */,
				EFFC4AC22D926B5000DD45AB /* AppState.swift in Sources */,
				EF19A49D2D91106100CEE606 /* SignupView.swift in Sources */,
				EF19A48B2D910D6500CEE606 /* ContentView.swift in Sources */,
				EF19A4A02D91129A00CEE606 /* String+Ext.swift in Sources */,
				EF19A48C2D910D6500CEE606 /* WhatsUpApp.swift in Sources */,
				EFFC4ACD2D927F1A00DD45AB /* AddNewGroupView.swift in Sources */,
			);
			runOnlyForDeploymentPostprocessing = 0;
		};
/* End PBXSourcesBuildPhase section */

/* Begin XCBuildConfiguration section */
		EF19A47E2D910D5B00CEE606 /* Debug */ = {
			isa = XCBuildConfiguration;
			buildSettings = {
				ALWAYS_SEARCH_USER_PATHS = NO;
				ASSETCATALOG_COMPILER_GENERATE_SWIFT_ASSET_SYMBOL_EXTENSIONS = YES;
				CLANG_ANALYZER_NONNULL = YES;
				CLANG_ANALYZER_NUMBER_OBJECT_CONVERSION = YES_AGGRESSIVE;
				CLANG_CXX_LANGUAGE_STANDARD = "gnu++20";
				CLANG_ENABLE_MODULES = YES;
				CLANG_ENABLE_OBJC_ARC = YES;
				CLANG_ENABLE_OBJC_WEAK = YES;
				CLANG_WARN_BLOCK_CAPTURE_AUTORELEASING = YES;
				CLANG_WARN_BOOL_CONVERSION = YES;
				CLANG_WARN_COMMA = YES;
				CLANG_WARN_CONSTANT_CONVERSION = YES;
				CLANG_WARN_DEPRECATED_OBJC_IMPLEMENTATIONS = YES;
				CLANG_WARN_DIRECT_OBJC_ISA_USAGE = YES_ERROR;
				CLANG_WARN_DOCUMENTATION_COMMENTS = YES;
				CLANG_WARN_EMPTY_BODY = YES;
				CLANG_WARN_ENUM_CONVERSION = YES;
				CLANG_WARN_INFINITE_RECURSION = YES;
				CLANG_WARN_INT_CONVERSION = YES;
				CLANG_WARN_NON_LITERAL_NULL_CONVERSION = YES;
				CLANG_WARN_OBJC_IMPLICIT_RETAIN_SELF = YES;
				CLANG_WARN_OBJC_LITERAL_CONVERSION = YES;
				CLANG_WARN_OBJC_ROOT_CLASS = YES_ERROR;
				CLANG_WARN_QUOTED_INCLUDE_IN_FRAMEWORK_HEADER = YES;
				CLANG_WARN_RANGE_LOOP_ANALYSIS = YES;
				CLANG_WARN_STRICT_PROTOTYPES = YES;
				CLANG_WARN_SUSPICIOUS_MOVE = YES;
				CLANG_WARN_UNGUARDED_AVAILABILITY = YES_AGGRESSIVE;
				CLANG_WARN_UNREACHABLE_CODE = YES;
				CLANG_WARN__DUPLICATE_METHOD_MATCH = YES;
				COPY_PHASE_STRIP = NO;
				DEBUG_INFORMATION_FORMAT = dwarf;
				ENABLE_STRICT_OBJC_MSGSEND = YES;
				ENABLE_TESTABILITY = YES;
				ENABLE_USER_SCRIPT_SANDBOXING = YES;
				GCC_C_LANGUAGE_STANDARD = gnu17;
				GCC_DYNAMIC_NO_PIC = NO;
				GCC_NO_COMMON_BLOCKS = YES;
				GCC_OPTIMIZATION_LEVEL = 0;
				GCC_PREPROCESSOR_DEFINITIONS = (
					"DEBUG=1",
					"$(inherited)",
				);
				GCC_WARN_64_TO_32_BIT_CONVERSION = YES;
				GCC_WARN_ABOUT_RETURN_TYPE = YES_ERROR;
				GCC_WARN_UNDECLARED_SELECTOR = YES;
				GCC_WARN_UNINITIALIZED_AUTOS = YES_AGGRESSIVE;
				GCC_WARN_UNUSED_FUNCTION = YES;
				GCC_WARN_UNUSED_VARIABLE = YES;
				IPHONEOS_DEPLOYMENT_TARGET = 18.2;
				LOCALIZATION_PREFERS_STRING_CATALOGS = YES;
				MTL_ENABLE_DEBUG_INFO = INCLUDE_SOURCE;
				MTL_FAST_MATH = YES;
				ONLY_ACTIVE_ARCH = YES;
				SDKROOT = iphoneos;
				SWIFT_ACTIVE_COMPILATION_CONDITIONS = "DEBUG $(inherited)";
				SWIFT_OPTIMIZATION_LEVEL = "-Onone";
			};
			name = Debug;
		};
		EF19A47F2D910D5B00CEE606 /* Release */ = {
			isa = XCBuildConfiguration;
			buildSettings = {
				ALWAYS_SEARCH_USER_PATHS = NO;
				ASSETCATALOG_COMPILER_GENERATE_SWIFT_ASSET_SYMBOL_EXTENSIONS = YES;
				CLANG_ANALYZER_NONNULL = YES;
				CLANG_ANALYZER_NUMBER_OBJECT_CONVERSION = YES_AGGRESSIVE;
				CLANG_CXX_LANGUAGE_STANDARD = "gnu++20";
				CLANG_ENABLE_MODULES = YES;
				CLANG_ENABLE_OBJC_ARC = YES;
				CLANG_ENABLE_OBJC_WEAK = YES;
				CLANG_WARN_BLOCK_CAPTURE_AUTORELEASING = YES;
				CLANG_WARN_BOOL_CONVERSION = YES;
				CLANG_WARN_COMMA = YES;
				CLANG_WARN_CONSTANT_CONVERSION = YES;
				CLANG_WARN_DEPRECATED_OBJC_IMPLEMENTATIONS = YES;
				CLANG_WARN_DIRECT_OBJC_ISA_USAGE = YES_ERROR;
				CLANG_WARN_DOCUMENTATION_COMMENTS = YES;
				CLANG_WARN_EMPTY_BODY = YES;
				CLANG_WARN_ENUM_CONVERSION = YES;
				CLANG_WARN_INFINITE_RECURSION = YES;
				CLANG_WARN_INT_CONVERSION = YES;
				CLANG_WARN_NON_LITERAL_NULL_CONVERSION = YES;
				CLANG_WARN_OBJC_IMPLICIT_RETAIN_SELF = YES;
				CLANG_WARN_OBJC_LITERAL_CONVERSION = YES;
				CLANG_WARN_OBJC_ROOT_CLASS = YES_ERROR;
				CLANG_WARN_QUOTED_INCLUDE_IN_FRAMEWORK_HEADER = YES;
				CLANG_WARN_RANGE_LOOP_ANALYSIS = YES;
				CLANG_WARN_STRICT_PROTOTYPES = YES;
				CLANG_WARN_SUSPICIOUS_MOVE = YES;
				CLANG_WARN_UNGUARDED_AVAILABILITY = YES_AGGRESSIVE;
				CLANG_WARN_UNREACHABLE_CODE = YES;
				CLANG_WARN__DUPLICATE_METHOD_MATCH = YES;
				COPY_PHASE_STRIP = NO;
				DEBUG_INFORMATION_FORMAT = "dwarf-with-dsym";
				ENABLE_NS_ASSERTIONS = NO;
				ENABLE_STRICT_OBJC_MSGSEND = YES;
				ENABLE_USER_SCRIPT_SANDBOXING = YES;
				GCC_C_LANGUAGE_STANDARD = gnu17;
				GCC_NO_COMMON_BLOCKS = YES;
				GCC_WARN_64_TO_32_BIT_CONVERSION = YES;
				GCC_WARN_ABOUT_RETURN_TYPE = YES_ERROR;
				GCC_WARN_UNDECLARED_SELECTOR = YES;
				GCC_WARN_UNINITIALIZED_AUTOS = YES_AGGRESSIVE;
				GCC_WARN_UNUSED_FUNCTION = YES;
				GCC_WARN_UNUSED_VARIABLE = YES;
				IPHONEOS_DEPLOYMENT_TARGET = 18.2;
				LOCALIZATION_PREFERS_STRING_CATALOGS = YES;
				MTL_ENABLE_DEBUG_INFO = NO;
				MTL_FAST_MATH = YES;
				SDKROOT = iphoneos;
				SWIFT_COMPILATION_MODE = wholemodule;
				VALIDATE_PRODUCT = YES;
			};
			name = Release;
		};
		EF19A4812D910D5B00CEE606 /* Debug */ = {
			isa = XCBuildConfiguration;
			buildSettings = {
				ASSETCATALOG_COMPILER_APPICON_NAME = AppIcon;
				ASSETCATALOG_COMPILER_GLOBAL_ACCENT_COLOR_NAME = AccentColor;
				CODE_SIGN_STYLE = Automatic;
				CURRENT_PROJECT_VERSION = 1;
				DEVELOPMENT_ASSET_PATHS = "\"WhatsUp/Preview Content\"";
				DEVELOPMENT_TEAM = T9MD4URZFH;
				ENABLE_PREVIEWS = YES;
				GENERATE_INFOPLIST_FILE = YES;
				INFOPLIST_KEY_NSCameraUsageDescription = "WhatsUp need to access Camera";
				INFOPLIST_KEY_NSPhotoLibraryUsageDescription = "WhatsUp need to access Photo Library";
				INFOPLIST_KEY_UIApplicationSceneManifest_Generation = YES;
				INFOPLIST_KEY_UIApplicationSupportsIndirectInputEvents = YES;
				INFOPLIST_KEY_UILaunchScreen_Generation = YES;
				INFOPLIST_KEY_UISupportedInterfaceOrientations_iPad = "UIInterfaceOrientationPortrait UIInterfaceOrientationPortraitUpsideDown UIInterfaceOrientationLandscapeLeft UIInterfaceOrientationLandscapeRight";
				INFOPLIST_KEY_UISupportedInterfaceOrientations_iPhone = "UIInterfaceOrientationPortrait UIInterfaceOrientationLandscapeLeft UIInterfaceOrientationLandscapeRight";
				LD_RUNPATH_SEARCH_PATHS = (
					"$(inherited)",
					"@executable_path/Frameworks",
				);
				MARKETING_VERSION = 1.0;
				PRODUCT_BUNDLE_IDENTIFIER = com.superkookai.WhatsUp;
				PRODUCT_NAME = "$(TARGET_NAME)";
				SWIFT_EMIT_LOC_STRINGS = YES;
				SWIFT_VERSION = 5.0;
				TARGETED_DEVICE_FAMILY = "1,2";
			};
			name = Debug;
		};
		EF19A4822D910D5B00CEE606 /* Release */ = {
			isa = XCBuildConfiguration;
			buildSettings = {
				ASSETCATALOG_COMPILER_APPICON_NAME = AppIcon;
				ASSETCATALOG_COMPILER_GLOBAL_ACCENT_COLOR_NAME = AccentColor;
				CODE_SIGN_STYLE = Automatic;
				CURRENT_PROJECT_VERSION = 1;
				DEVELOPMENT_ASSET_PATHS = "\"WhatsUp/Preview Content\"";
				DEVELOPMENT_TEAM = T9MD4URZFH;
				ENABLE_PREVIEWS = YES;
				GENERATE_INFOPLIST_FILE = YES;
				INFOPLIST_KEY_NSCameraUsageDescription = "WhatsUp need to access Camera";
				INFOPLIST_KEY_NSPhotoLibraryUsageDescription = "WhatsUp need to access Photo Library";
				INFOPLIST_KEY_UIApplicationSceneManifest_Generation = YES;
				INFOPLIST_KEY_UIApplicationSupportsIndirectInputEvents = YES;
				INFOPLIST_KEY_UILaunchScreen_Generation = YES;
				INFOPLIST_KEY_UISupportedInterfaceOrientations_iPad = "UIInterfaceOrientationPortrait UIInterfaceOrientationPortraitUpsideDown UIInterfaceOrientationLandscapeLeft UIInterfaceOrientationLandscapeRight";
				INFOPLIST_KEY_UISupportedInterfaceOrientations_iPhone = "UIInterfaceOrientationPortrait UIInterfaceOrientationLandscapeLeft UIInterfaceOrientationLandscapeRight";
				LD_RUNPATH_SEARCH_PATHS = (
					"$(inherited)",
					"@executable_path/Frameworks",
				);
				MARKETING_VERSION = 1.0;
				PRODUCT_BUNDLE_IDENTIFIER = com.superkookai.WhatsUp;
				PRODUCT_NAME = "$(TARGET_NAME)";
				SWIFT_EMIT_LOC_STRINGS = YES;
				SWIFT_VERSION = 5.0;
				TARGETED_DEVICE_FAMILY = "1,2";
			};
			name = Release;
		};
/* End XCBuildConfiguration section */

/* Begin XCConfigurationList section */
		EF19A46D2D910D5A00CEE606 /* Build configuration list for PBXProject "WhatsUp" */ = {
			isa = XCConfigurationList;
			buildConfigurations = (
				EF19A47E2D910D5B00CEE606 /* Debug */,
				EF19A47F2D910D5B00CEE606 /* Release */,
			);
			defaultConfigurationIsVisible = 0;
			defaultConfigurationName = Release;
		};
		EF19A4802D910D5B00CEE606 /* Build configuration list for PBXNativeTarget "WhatsUp" */ = {
			isa = XCConfigurationList;
			buildConfigurations = (
				EF19A4812D910D5B00CEE606 /* Debug */,
				EF19A4822D910D5B00CEE606 /* Release */,
			);
			defaultConfigurationIsVisible = 0;
			defaultConfigurationName = Release;
		};
/* End XCConfigurationList section */

/* Begin XCRemoteSwiftPackageReference section */
		EF19A4922D910F5700CEE606 /* XCRemoteSwiftPackageReference "firebase-ios-sdk" */ = {
			isa = XCRemoteSwiftPackageReference;
			repositoryURL = "https://github.com/firebase/firebase-ios-sdk";
			requirement = {
				kind = upToNextMajorVersion;
				minimumVersion = 11.10.0;
			};
		};
/* End XCRemoteSwiftPackageReference section */

/* Begin XCSwiftPackageProductDependency section */
		EF19A4932D910F5700CEE606 /* FirebaseAuth */ = {
			isa = XCSwiftPackageProductDependency;
			package = EF19A4922D910F5700CEE606 /* XCRemoteSwiftPackageReference "firebase-ios-sdk" */;
			productName = FirebaseAuth;
		};
		EF19A4952D910F5700CEE606 /* FirebaseCore */ = {
			isa = XCSwiftPackageProductDependency;
			package = EF19A4922D910F5700CEE606 /* XCRemoteSwiftPackageReference "firebase-ios-sdk" */;
			productName = FirebaseCore;
		};
		EF19A4972D910F5700CEE606 /* FirebaseFirestore */ = {
			isa = XCSwiftPackageProductDependency;
			package = EF19A4922D910F5700CEE606 /* XCRemoteSwiftPackageReference "firebase-ios-sdk" */;
			productName = FirebaseFirestore;
		};
		EF19A4992D910F5700CEE606 /* FirebaseStorage */ = {
			isa = XCSwiftPackageProductDependency;
			package = EF19A4922D910F5700CEE606 /* XCRemoteSwiftPackageReference "firebase-ios-sdk" */;
			productName = FirebaseStorage;
		};
/* End XCSwiftPackageProductDependency section */
	};
	rootObject = EF19A46A2D910D5A00CEE606 /* Project object */;
}
